{
    "requires": true,
    "lockfileVersion": 1,
    "dependencies": {
        "cleave.js": {
            "version": "1.4.10",
            "resolved": "https://registry.npmjs.org/cleave.js/-/cleave.js-1.4.10.tgz",
            "integrity": "sha512-7AWnh+6pgQbbRT+e7WnK/yc+U50zhtQZklvEcKDiFDpfcu3kb300BdV7FMYtGOIsAzD5TKy7KH38ZwgyWyFE2Q=="
        }
    }
}
